{
  "name": "electronic-shop",
  "version": "1.0.0",
  "lockfileVersion": 1,
  "requires": true,
  "dependencies": {
    "bron": {
      "version": "1.1.1",
      "resolved": "https://registry.npmjs.org/bron/-/bron-1.1.1.tgz",
      "integrity": "sha512-lswaTaQ6At5yq0AkpuPYv1Y0b//rdsQZscLnvs72LsDLtNeiut2ZWuLTfwnxzuOmfQyd7LYcXkrl9PK4uIqNVA==",
      "dev": true
    }
  }
}
