
Microsoft Visual Studio Solution File, Format Version 12.00
# Visual Studio Version 16
VisualStudioVersion = 16.0.28803.352
MinimumVisualStudioVersion = 10.0.40219.1
Project("{9A19103F-16F7-4668-BE54-9A1E7A4F7556}") = "HighestProductOfTripletInArray", "HighestProductOfTripletInArray\HighestProductOfTripletInArray.csproj", "{E366487C-6865-4E22-BFAB-B4A5E5F5113D}"
EndProject
Project("{9A19103F-16F7-4668-BE54-9A1E7A4F7556}") = "HighestProductOfTripletInArray.Tests", "HighestProductOfTripletInArray.Tests\HighestProductOfTripletInArray.Tests.csproj", "{D2C34286-4B1B-4829-8B1E-967DDAAA348B}"
EndProject
Global
	GlobalSection(SolutionConfigurationPlatforms) = preSolution
		Debug|Any CPU = Debug|Any CPU
		Release|Any CPU = Release|Any CPU
	EndGlobalSection
	GlobalSection(ProjectConfigurationPlatforms) = postSolution
		{E366487C-6865-4E22-BFAB-B4A5E5F5113D}.Debug|Any CPU.ActiveCfg = Debug|Any CPU
		{E366487C-6865-4E22-BFAB-B4A5E5F5113D}.Debug|Any CPU.Build.0 = Debug|Any CPU
		{E366487C-6865-4E22-BFAB-B4A5E5F5113D}.Release|Any CPU.ActiveCfg = Release|Any CPU
		{E366487C-6865-4E22-BFAB-B4A5E5F5113D}.Release|Any CPU.Build.0 = Release|Any CPU
		{D2C34286-4B1B-4829-8B1E-967DDAAA348B}.Debug|Any CPU.ActiveCfg = Debug|Any CPU
		{D2C34286-4B1B-4829-8B1E-967DDAAA348B}.Debug|Any CPU.Build.0 = Debug|Any CPU
		{D2C34286-4B1B-4829-8B1E-967DDAAA348B}.Release|Any CPU.ActiveCfg = Release|Any CPU
		{D2C34286-4B1B-4829-8B1E-967DDAAA348B}.Release|Any CPU.Build.0 = Release|Any CPU
	EndGlobalSection
	GlobalSection(SolutionProperties) = preSolution
		HideSolutionNode = FALSE
	EndGlobalSection
	GlobalSection(ExtensibilityGlobals) = postSolution
		SolutionGuid = {A5A268AD-A391-4F7E-9A49-68233AF2D89A}
	EndGlobalSection
EndGlobal
